PODS:
  - AppAuth (1.4.0):
    - AppAuth/Core (= 1.4.0)
    - AppAuth/ExternalUserAgent (= 1.4.0)
  - AppAuth/Core (1.4.0)
  - AppAuth/ExternalUserAgent (1.4.0)
  - RxAnimated (0.7.0):
    - RxAnimated/Core (= 0.7.0)
    - RxCocoa (~> 5.1)
    - RxSwift (~> 5.1)
  - RxAnimated/Core (0.7.0):
    - RxCocoa (~> 5.1)
    - RxSwift (~> 5.1)
  - RxCocoa (5.1.1):
    - RxRelay (~> 5)
    - RxSwift (~> 5)
  - RxGesture (3.0.2):
    - RxCocoa (~> 5.1)
    - RxSwift (~> 5.1)
  - RxRelay (5.1.1):
    - RxSwift (~> 5)
  - RxSwift (5.1.2)
  - StreemKit (0.22.1):
    - RxAnimated (~> 0.7.0)
    - RxCocoa (~> 5.1.0)
    - RxGesture (~> 3.0)
    - RxRelay (~> 5.1.0)
    - RxSwift (~> 5.1.0)
    - SwiftProtobuf (~> 1.7)
    - TwilioSyncClient (~> 0.7.5)
    - TwilioVideo (= 3.2)
  - SwiftProtobuf (1.17.0)
  - TwilioSyncClient (0.7.5)
  - TwilioVideo (3.2.0)

DEPENDENCIES:
  - AppAuth (~> 1.4)
  - StreemKit (~> 0.22.1)

SPEC REPOS:
  https://github.com/CocoaPods/Specs.git:
    - AppAuth
    - RxAnimated
    - RxCocoa
    - RxGesture
    - RxRelay
    - RxSwift
    - SwiftProtobuf
    - TwilioVideo
  https://github.com/streem/cocoapods:
    - StreemKit
  https://github.com/twilio/cocoapod-specs.git:
    - TwilioSyncClient

SPEC CHECKSUMS:
  AppAuth: 31bcec809a638d7bd2f86ea8a52bd45f6e81e7c7
  RxAnimated: 8540892468e906e7404595bc51ed4b36b3737ab5
  RxCocoa: 32065309a38d29b5b0db858819b5bf9ef038b601
  RxGesture: d6bd7447ca3a596c7a9702a6a2b6a2bb5d8bae54
  RxRelay: d77f7d771495f43c556cbc43eebd1bb54d01e8e9
  RxSwift: 1e2e1f9570186967f617e49128ed26ccf1bafc8e
  StreemKit: 3e61f469457dafd522666f323328ce1b148057c2
  SwiftProtobuf: 9c85136c6ba74b0a1b84279dbf0f6db8efb714e0
  TwilioSyncClient: 09a90adf4680557747987eccd530b60cf386842a
  TwilioVideo: f398f1490c40c5129d3e4ba9837d1d7532616193

PODFILE CHECKSUM: ed2d025fc59f6cbd5433fda089c32b9ff7736bc5

COCOAPODS: 1.10.1
