// !$*UTF8*$!
{
	archiveVersion = 1;
	classes = {
	};
	objectVersion = 46;
	objects = {

/* Begin PBXBuildFile section */
		21C46559216FC3020075978A /* ViewController.swift in Sources */ = {isa = PBXBuildFile; fileRef = 21C46548216FB6E40075978A /* ViewController.swift */; };
		607FACD61AFB9204008FA782 /* AppDelegate.swift in Sources */ = {isa = PBXBuildFile; fileRef = 607FACD51AFB9204008FA782 /* AppDelegate.swift */; };
		607FACDB1AFB9204008FA782 /* Main.storyboard in Resources */ = {isa = PBXBuildFile; fileRef = 607FACD91AFB9204008FA782 /* Main.storyboard */; };
		607FACDD1AFB9204008FA782 /* Images.xcassets in Resources */ = {isa = PBXBuildFile; fileRef = 607FACDC1AFB9204008FA782 /* Images.xcassets */; };
		607FACE01AFB9204008FA782 /* LaunchScreen.xib in Resources */ = {isa = PBXBuildFile; fileRef = 607FACDE1AFB9204008FA782 /* LaunchScreen.xib */; };
		6E07D67223D28B35004DA29B /* UIViewControllerSupport.swift in Sources */ = {isa = PBXBuildFile; fileRef = 6E07D67123D28B35004DA29B /* UIViewControllerSupport.swift */; };
		6E0C3DB42528089100773C78 /* InvitationViewController.swift in Sources */ = {isa = PBXBuildFile; fileRef = 6E0C3DB02528089000773C78 /* InvitationViewController.swift */; };
		6E0C3DB52528089100773C78 /* CallLogViewController.swift in Sources */ = {isa = PBXBuildFile; fileRef = 6E0C3DB12528089000773C78 /* CallLogViewController.swift */; };
		6E0C3DB62528089100773C78 /* LoginViewController.swift in Sources */ = {isa = PBXBuildFile; fileRef = 6E0C3DB22528089100773C78 /* LoginViewController.swift */; };
		6E0C3DB72528089100773C78 /* CallLogDetailsViewController.swift in Sources */ = {isa = PBXBuildFile; fileRef = 6E0C3DB32528089100773C78 /* CallLogDetailsViewController.swift */; };
		6E226A0A22F3BF0F008E0966 /* StreemInitializer.swift in Sources */ = {isa = PBXBuildFile; fileRef = 6E226A0922F3BF0F008E0966 /* StreemInitializer.swift */; };
		A729BF0A261286650012CF07 /* OpenIdHelper.swift in Sources */ = {isa = PBXBuildFile; fileRef = A729BF09261286650012CF07 /* OpenIdHelper.swift */; };
		A729BF0E261287020012CF07 /* AuthPersister.swift in Sources */ = {isa = PBXBuildFile; fileRef = A729BF0D261287020012CF07 /* AuthPersister.swift */; };
		F5D8F09E995D4DFB2AABB8F9 /* Pods_StreemNow.framework in Frameworks */ = {isa = PBXBuildFile; fileRef = 89BD4CBD390997D2BEEC355D /* Pods_StreemNow.framework */; };
/* End PBXBuildFile section */

/* Begin PBXFileReference section */
		2102683925BAD23500638666 /* CHANGELOG.md */ = {isa = PBXFileReference; lastKnownFileType = net.daringfireball.markdown; path = CHANGELOG.md; sourceTree = "<group>"; };
		2107C56A212F1F3500A7CA02 /* CoreMedia.framework */ = {isa = PBXFileReference; lastKnownFileType = wrapper.framework; name = CoreMedia.framework; path = System/Library/Frameworks/CoreMedia.framework; sourceTree = SDKROOT; };
		214CAA63214DE7C20048193F /* StreemNow.entitlements */ = {isa = PBXFileReference; lastKnownFileType = text.plist.entitlements; path = StreemNow.entitlements; sourceTree = "<group>"; };
		21C46548216FB6E40075978A /* ViewController.swift */ = {isa = PBXFileReference; fileEncoding = 4; lastKnownFileType = sourcecode.swift; path = ViewController.swift; sourceTree = "<group>"; };
		21EB035021EFA2D200014F86 /* README.md */ = {isa = PBXFileReference; lastKnownFileType = net.daringfireball.markdown; path = README.md; sourceTree = "<group>"; };
		607FACD01AFB9204008FA782 /* StreemNow.app */ = {isa = PBXFileReference; explicitFileType = wrapper.application; includeInIndex = 0; path = StreemNow.app; sourceTree = BUILT_PRODUCTS_DIR; };
		607FACD41AFB9204008FA782 /* Info.plist */ = {isa = PBXFileReference; lastKnownFileType = text.plist.xml; path = Info.plist; sourceTree = "<group>"; };
		607FACD51AFB9204008FA782 /* AppDelegate.swift */ = {isa = PBXFileReference; lastKnownFileType = sourcecode.swift; path = AppDelegate.swift; sourceTree = "<group>"; };
		607FACDA1AFB9204008FA782 /* Base */ = {isa = PBXFileReference; lastKnownFileType = file.storyboard; name = Base; path = Base.lproj/Main.storyboard; sourceTree = "<group>"; };
		607FACDC1AFB9204008FA782 /* Images.xcassets */ = {isa = PBXFileReference; lastKnownFileType = folder.assetcatalog; path = Images.xcassets; sourceTree = "<group>"; };
		607FACDF1AFB9204008FA782 /* Base */ = {isa = PBXFileReference; lastKnownFileType = file.xib; name = Base; path = Base.lproj/LaunchScreen.xib; sourceTree = "<group>"; };
		65C755C88CAA3E0275485373 /* Pods-StreemNow.release.xcconfig */ = {isa = PBXFileReference; includeInIndex = 1; lastKnownFileType = text.xcconfig; name = "Pods-StreemNow.release.xcconfig"; path = "Pods/Target Support Files/Pods-StreemNow/Pods-StreemNow.release.xcconfig"; sourceTree = "<group>"; };
		6E07D67123D28B35004DA29B /* UIViewControllerSupport.swift */ = {isa = PBXFileReference; fileEncoding = 4; lastKnownFileType = sourcecode.swift; path = UIViewControllerSupport.swift; sourceTree = "<group>"; };
		6E0C3DB02528089000773C78 /* InvitationViewController.swift */ = {isa = PBXFileReference; fileEncoding = 4; lastKnownFileType = sourcecode.swift; path = InvitationViewController.swift; sourceTree = "<group>"; };
		6E0C3DB12528089000773C78 /* CallLogViewController.swift */ = {isa = PBXFileReference; fileEncoding = 4; lastKnownFileType = sourcecode.swift; path = CallLogViewController.swift; sourceTree = "<group>"; };
		6E0C3DB22528089100773C78 /* LoginViewController.swift */ = {isa = PBXFileReference; fileEncoding = 4; lastKnownFileType = sourcecode.swift; path = LoginViewController.swift; sourceTree = "<group>"; };
		6E0C3DB32528089100773C78 /* CallLogDetailsViewController.swift */ = {isa = PBXFileReference; fileEncoding = 4; lastKnownFileType = sourcecode.swift; path = CallLogDetailsViewController.swift; sourceTree = "<group>"; };
		6E226A0922F3BF0F008E0966 /* StreemInitializer.swift */ = {isa = PBXFileReference; fileEncoding = 4; lastKnownFileType = sourcecode.swift; path = StreemInitializer.swift; sourceTree = "<group>"; };
		89BD4CBD390997D2BEEC355D /* Pods_StreemNow.framework */ = {isa = PBXFileReference; explicitFileType = wrapper.framework; includeInIndex = 0; path = Pods_StreemNow.framework; sourceTree = BUILT_PRODUCTS_DIR; };
		A729BF09261286650012CF07 /* OpenIdHelper.swift */ = {isa = PBXFileReference; lastKnownFileType = sourcecode.swift; path = OpenIdHelper.swift; sourceTree = "<group>"; };
		A729BF0D261287020012CF07 /* AuthPersister.swift */ = {isa = PBXFileReference; lastKnownFileType = sourcecode.swift; path = AuthPersister.swift; sourceTree = "<group>"; };
		B2FD3456C88CA92CB1C2668E /* Pods-StreemNow.debug.xcconfig */ = {isa = PBXFileReference; includeInIndex = 1; lastKnownFileType = text.xcconfig; name = "Pods-StreemNow.debug.xcconfig"; path = "Pods/Target Support Files/Pods-StreemNow/Pods-StreemNow.debug.xcconfig"; sourceTree = "<group>"; };
/* End PBXFileReference section */

/* Begin PBXFrameworksBuildPhase section */
		607FACCD1AFB9204008FA782 /* Frameworks */ = {
			isa = PBXFrameworksBuildPhase;
			buildActionMask = 2147483647;
			files = (
				F5D8F09E995D4DFB2AABB8F9 /* Pods_StreemNow.framework in Frameworks */,
			);
			runOnlyForDeploymentPostprocessing = 0;
		};
/* End PBXFrameworksBuildPhase section */

/* Begin PBXGroup section */
		607FACC71AFB9204008FA782 = {
			isa = PBXGroup;
			children = (
				21EB035021EFA2D200014F86 /* README.md */,
				2102683925BAD23500638666 /* CHANGELOG.md */,
				607FACD21AFB9204008FA782 /* StreemNow */,
				607FACD11AFB9204008FA782 /* Products */,
				B687BC56E62E704ABBCD37CE /* Frameworks */,
				EDB7CF24CC747E64B37F33D2 /* Pods */,
			);
			sourceTree = "<group>";
		};
		607FACD11AFB9204008FA782 /* Products */ = {
			isa = PBXGroup;
			children = (
				607FACD01AFB9204008FA782 /* StreemNow.app */,
			);
			name = Products;
			sourceTree = "<group>";
		};
		607FACD21AFB9204008FA782 /* StreemNow */ = {
			isa = PBXGroup;
			children = (
				214CAA63214DE7C20048193F /* StreemNow.entitlements */,
				607FACD51AFB9204008FA782 /* AppDelegate.swift */,
				A729BF0D261287020012CF07 /* AuthPersister.swift */,
				6E0C3DB32528089100773C78 /* CallLogDetailsViewController.swift */,
				6E0C3DB12528089000773C78 /* CallLogViewController.swift */,
				6E0C3DB02528089000773C78 /* InvitationViewController.swift */,
				6E0C3DB22528089100773C78 /* LoginViewController.swift */,
				A729BF09261286650012CF07 /* OpenIdHelper.swift */,
				6E226A0922F3BF0F008E0966 /* StreemInitializer.swift */,
				6E07D67123D28B35004DA29B /* UIViewControllerSupport.swift */,
				21C46548216FB6E40075978A /* ViewController.swift */,
				607FACD91AFB9204008FA782 /* Main.storyboard */,
				607FACDC1AFB9204008FA782 /* Images.xcassets */,
				607FACDE1AFB9204008FA782 /* LaunchScreen.xib */,
				607FACD31AFB9204008FA782 /* Supporting Files */,
			);
			path = StreemNow;
			sourceTree = "<group>";
		};
		607FACD31AFB9204008FA782 /* Supporting Files */ = {
			isa = PBXGroup;
			children = (
				607FACD41AFB9204008FA782 /* Info.plist */,
			);
			name = "Supporting Files";
			sourceTree = "<group>";
		};
		B687BC56E62E704ABBCD37CE /* Frameworks */ = {
			isa = PBXGroup;
			children = (
				2107C56A212F1F3500A7CA02 /* CoreMedia.framework */,
				89BD4CBD390997D2BEEC355D /* Pods_StreemNow.framework */,
			);
			name = Frameworks;
			sourceTree = "<group>";
		};
		EDB7CF24CC747E64B37F33D2 /* Pods */ = {
			isa = PBXGroup;
			children = (
				B2FD3456C88CA92CB1C2668E /* Pods-StreemNow.debug.xcconfig */,
				65C755C88CAA3E0275485373 /* Pods-StreemNow.release.xcconfig */,
			);
			name = Pods;
			sourceTree = "<group>";
		};
/* End PBXGroup section */

/* Begin PBXNativeTarget section */
		607FACCF1AFB9204008FA782 /* StreemNow */ = {
			isa = PBXNativeTarget;
			buildConfigurationList = 607FACEF1AFB9204008FA782 /* Build configuration list for PBXNativeTarget "StreemNow" */;
			buildPhases = (
				2E8FF1AA7C00C6369478CBBB /* [CP] Check Pods Manifest.lock */,
				607FACCC1AFB9204008FA782 /* Sources */,
				607FACCD1AFB9204008FA782 /* Frameworks */,
				607FACCE1AFB9204008FA782 /* Resources */,
				A9FF6F4F7182B95515CD30CD /* [CP] Embed Pods Frameworks */,
			);
			buildRules = (
			);
			dependencies = (
			);
			name = StreemNow;
			productName = Streem;
			productReference = 607FACD01AFB9204008FA782 /* StreemNow.app */;
			productType = "com.apple.product-type.application";
		};
/* End PBXNativeTarget section */

/* Begin PBXProject section */
		607FACC81AFB9204008FA782 /* Project object */ = {
			isa = PBXProject;
			attributes = {
				LastSwiftUpdateCheck = 0830;
				LastUpgradeCheck = 0830;
				ORGANIZATIONNAME = CocoaPods;
				TargetAttributes = {
					607FACCF1AFB9204008FA782 = {
						CreatedOnToolsVersion = 6.3.1;
						DevelopmentTeam = 3QG6M38N8P;
						LastSwiftMigration = 0900;
						SystemCapabilities = {
							com.apple.Push = {
								enabled = 1;
							};
						};
					};
				};
			};
			buildConfigurationList = 607FACCB1AFB9204008FA782 /* Build configuration list for PBXProject "StreemNow" */;
			compatibilityVersion = "Xcode 3.2";
			developmentRegion = English;
			hasScannedForEncodings = 0;
			knownRegions = (
				English,
				en,
				Base,
			);
			mainGroup = 607FACC71AFB9204008FA782;
			productRefGroup = 607FACD11AFB9204008FA782 /* Products */;
			projectDirPath = "";
			projectRoot = "";
			targets = (
				607FACCF1AFB9204008FA782 /* StreemNow */,
			);
		};
/* End PBXProject section */

/* Begin PBXResourcesBuildPhase section */
		607FACCE1AFB9204008FA782 /* Resources */ = {
			isa = PBXResourcesBuildPhase;
			buildActionMask = 2147483647;
			files = (
				607FACDB1AFB9204008FA782 /* Main.storyboard in Resources */,
				607FACE01AFB9204008FA782 /* LaunchScreen.xib in Resources */,
				607FACDD1AFB9204008FA782 /* Images.xcassets in Resources */,
			);
			runOnlyForDeploymentPostprocessing = 0;
		};
/* End PBXResourcesBuildPhase section */

/* Begin PBXShellScriptBuildPhase section */
		2E8FF1AA7C00C6369478CBBB /* [CP] Check Pods Manifest.lock */ = {
			isa = PBXShellScriptBuildPhase;
			buildActionMask = 2147483647;
			files = (
			);
			inputFileListPaths = (
			);
			inputPaths = (
				"${PODS_PODFILE_DIR_PATH}/Podfile.lock",
				"${PODS_ROOT}/Manifest.lock",
			);
			name = "[CP] Check Pods Manifest.lock";
			outputFileListPaths = (
			);
			outputPaths = (
				"$(DERIVED_FILE_DIR)/Pods-StreemNow-checkManifestLockResult.txt",
			);
			runOnlyForDeploymentPostprocessing = 0;
			shellPath = /bin/sh;
			shellScript = "diff \"${PODS_PODFILE_DIR_PATH}/Podfile.lock\" \"${PODS_ROOT}/Manifest.lock\" > /dev/null\nif [ $? != 0 ] ; then\n    # print error to STDERR\n    echo \"error: The sandbox is not in sync with the Podfile.lock. Run 'pod install' or update your CocoaPods installation.\" >&2\n    exit 1\nfi\n# This output is used by Xcode 'outputs' to avoid re-running this script phase.\necho \"SUCCESS\" > \"${SCRIPT_OUTPUT_FILE_0}\"\n";
			showEnvVarsInLog = 0;
		};
		A9FF6F4F7182B95515CD30CD /* [CP] Embed Pods Frameworks */ = {
			isa = PBXShellScriptBuildPhase;
			buildActionMask = 2147483647;
			files = (
			);
			inputPaths = (
				"${PODS_ROOT}/Target Support Files/Pods-StreemNow/Pods-StreemNow-frameworks.sh",
				"${BUILT_PRODUCTS_DIR}/AppAuth/AppAuth.framework",
				"${BUILT_PRODUCTS_DIR}/GzipSwift/Gzip.framework",
				"${BUILT_PRODUCTS_DIR}/RxAnimated/RxAnimated.framework",
				"${BUILT_PRODUCTS_DIR}/RxCocoa/RxCocoa.framework",
				"${BUILT_PRODUCTS_DIR}/RxGesture/RxGesture.framework",
				"${BUILT_PRODUCTS_DIR}/RxRelay/RxRelay.framework",
				"${BUILT_PRODUCTS_DIR}/RxSwift/RxSwift.framework",
				"${PODS_ROOT}/StreemKit/XStreemCore.framework",
				"${BUILT_PRODUCTS_DIR}/SwiftProtobuf/SwiftProtobuf.framework",
				"${PODS_ROOT}/TwilioSyncClient/TwilioSyncClient.framework",
				"${PODS_ROOT}/TwilioVideo/Build/iOS/TwilioVideo.framework",
				"${PODS_XCFRAMEWORKS_BUILD_DIR}/StreemKit/StreemKit.framework/StreemKit",
				"${PODS_XCFRAMEWORKS_BUILD_DIR}/ARaaS/ARaaS.framework/ARaaS",
				"${PODS_XCFRAMEWORKS_BUILD_DIR}/WebRTC/WebRTC.framework/WebRTC",
			);
			name = "[CP] Embed Pods Frameworks";
			outputPaths = (
				"${TARGET_BUILD_DIR}/${FRAMEWORKS_FOLDER_PATH}/AppAuth.framework",
				"${TARGET_BUILD_DIR}/${FRAMEWORKS_FOLDER_PATH}/Gzip.framework",
				"${TARGET_BUILD_DIR}/${FRAMEWORKS_FOLDER_PATH}/RxAnimated.framework",
				"${TARGET_BUILD_DIR}/${FRAMEWORKS_FOLDER_PATH}/RxCocoa.framework",
				"${TARGET_BUILD_DIR}/${FRAMEWORKS_FOLDER_PATH}/RxGesture.framework",
				"${TARGET_BUILD_DIR}/${FRAMEWORKS_FOLDER_PATH}/RxRelay.framework",
				"${TARGET_BUILD_DIR}/${FRAMEWORKS_FOLDER_PATH}/RxSwift.framework",
				"${TARGET_BUILD_DIR}/${FRAMEWORKS_FOLDER_PATH}/XStreemCore.framework",
				"${TARGET_BUILD_DIR}/${FRAMEWORKS_FOLDER_PATH}/SwiftProtobuf.framework",
				"${TARGET_BUILD_DIR}/${FRAMEWORKS_FOLDER_PATH}/TwilioSyncClient.framework",
				"${TARGET_BUILD_DIR}/${FRAMEWORKS_FOLDER_PATH}/TwilioVideo.framework",
				"${TARGET_BUILD_DIR}/${FRAMEWORKS_FOLDER_PATH}/StreemKit.framework",
				"${TARGET_BUILD_DIR}/${FRAMEWORKS_FOLDER_PATH}/ARaaS.framework",
				"${TARGET_BUILD_DIR}/${FRAMEWORKS_FOLDER_PATH}/WebRTC.framework",
			);
			runOnlyForDeploymentPostprocessing = 0;
			shellPath = /bin/sh;
			shellScript = "\"${PODS_ROOT}/Target Support Files/Pods-StreemNow/Pods-StreemNow-frameworks.sh\"\n";
			showEnvVarsInLog = 0;
		};
/* End PBXShellScriptBuildPhase section */

/* Begin PBXSourcesBuildPhase section */
		607FACCC1AFB9204008FA782 /* Sources */ = {
			isa = PBXSourcesBuildPhase;
			buildActionMask = 2147483647;
			files = (
				6E0C3DB72528089100773C78 /* CallLogDetailsViewController.swift in Sources */,
				6E0C3DB62528089100773C78 /* LoginViewController.swift in Sources */,
				607FACD61AFB9204008FA782 /* AppDelegate.swift in Sources */,
				A729BF0E261287020012CF07 /* AuthPersister.swift in Sources */,
				6E0C3DB52528089100773C78 /* CallLogViewController.swift in Sources */,
				6E0C3DB42528089100773C78 /* InvitationViewController.swift in Sources */,
				6E07D67223D28B35004DA29B /* UIViewControllerSupport.swift in Sources */,
				A729BF0A261286650012CF07 /* OpenIdHelper.swift in Sources */,
				21C46559216FC3020075978A /* ViewController.swift in Sources */,
				6E226A0A22F3BF0F008E0966 /* StreemInitializer.swift in Sources */,
			);
			runOnlyForDeploymentPostprocessing = 0;
		};
/* End PBXSourcesBuildPhase section */

/* Begin PBXVariantGroup section */
		607FACD91AFB9204008FA782 /* Main.storyboard */ = {
			isa = PBXVariantGroup;
			children = (
				607FACDA1AFB9204008FA782 /* Base */,
			);
			name = Main.storyboard;
			sourceTree = "<group>";
		};
		607FACDE1AFB9204008FA782 /* LaunchScreen.xib */ = {
			isa = PBXVariantGroup;
			children = (
				607FACDF1AFB9204008FA782 /* Base */,
			);
			name = LaunchScreen.xib;
			sourceTree = "<group>";
		};
/* End PBXVariantGroup section */

/* Begin XCBuildConfiguration section */
		607FACED1AFB9204008FA782 /* Debug */ = {
			isa = XCBuildConfiguration;
			buildSettings = {
				ALWAYS_SEARCH_USER_PATHS = NO;
				CLANG_CXX_LANGUAGE_STANDARD = "gnu++0x";
				CLANG_CXX_LIBRARY = "libc++";
				CLANG_ENABLE_MODULES = YES;
				CLANG_ENABLE_OBJC_ARC = YES;
				CLANG_WARN_BLOCK_CAPTURE_AUTORELEASING = YES;
				CLANG_WARN_BOOL_CONVERSION = YES;
				CLANG_WARN_COMMA = YES;
				CLANG_WARN_CONSTANT_CONVERSION = YES;
				CLANG_WARN_DIRECT_OBJC_ISA_USAGE = YES_ERROR;
				CLANG_WARN_EMPTY_BODY = YES;
				CLANG_WARN_ENUM_CONVERSION = YES;
				CLANG_WARN_INFINITE_RECURSION = YES;
				CLANG_WARN_INT_CONVERSION = YES;
				CLANG_WARN_NON_LITERAL_NULL_CONVERSION = YES;
				CLANG_WARN_OBJC_LITERAL_CONVERSION = YES;
				CLANG_WARN_OBJC_ROOT_CLASS = YES_ERROR;
				CLANG_WARN_RANGE_LOOP_ANALYSIS = YES;
				CLANG_WARN_STRICT_PROTOTYPES = YES;
				CLANG_WARN_SUSPICIOUS_MOVE = YES;
				CLANG_WARN_UNREACHABLE_CODE = YES;
				CLANG_WARN__DUPLICATE_METHOD_MATCH = YES;
				"CODE_SIGN_IDENTITY[sdk=iphoneos*]" = "iPhone Developer";
				COPY_PHASE_STRIP = NO;
				DEBUG_INFORMATION_FORMAT = "dwarf-with-dsym";
				ENABLE_STRICT_OBJC_MSGSEND = YES;
				ENABLE_TESTABILITY = YES;
				GCC_C_LANGUAGE_STANDARD = gnu99;
				GCC_DYNAMIC_NO_PIC = NO;
				GCC_NO_COMMON_BLOCKS = YES;
				GCC_OPTIMIZATION_LEVEL = 0;
				GCC_PREPROCESSOR_DEFINITIONS = (
					"DEBUG=1",
					"$(inherited)",
				);
				GCC_SYMBOLS_PRIVATE_EXTERN = NO;
				GCC_WARN_64_TO_32_BIT_CONVERSION = YES;
				GCC_WARN_ABOUT_RETURN_TYPE = YES_ERROR;
				GCC_WARN_UNDECLARED_SELECTOR = YES;
				GCC_WARN_UNINITIALIZED_AUTOS = YES_AGGRESSIVE;
				GCC_WARN_UNUSED_FUNCTION = YES;
				GCC_WARN_UNUSED_VARIABLE = YES;
				IPHONEOS_DEPLOYMENT_TARGET = 11.0;
				MTL_ENABLE_DEBUG_INFO = YES;
				ONLY_ACTIVE_ARCH = YES;
				SDKROOT = iphoneos;
				SWIFT_OPTIMIZATION_LEVEL = "-Onone";
			};
			name = Debug;
		};
		607FACEE1AFB9204008FA782 /* Release */ = {
			isa = XCBuildConfiguration;
			buildSettings = {
				ALWAYS_SEARCH_USER_PATHS = NO;
				CLANG_CXX_LANGUAGE_STANDARD = "gnu++0x";
				CLANG_CXX_LIBRARY = "libc++";
				CLANG_ENABLE_MODULES = YES;
				CLANG_ENABLE_OBJC_ARC = YES;
				CLANG_WARN_BLOCK_CAPTURE_AUTORELEASING = YES;
				CLANG_WARN_BOOL_CONVERSION = YES;
				CLANG_WARN_COMMA = YES;
				CLANG_WARN_CONSTANT_CONVERSION = YES;
				CLANG_WARN_DIRECT_OBJC_ISA_USAGE = YES_ERROR;
				CLANG_WARN_EMPTY_BODY = YES;
				CLANG_WARN_ENUM_CONVERSION = YES;
				CLANG_WARN_INFINITE_RECURSION = YES;
				CLANG_WARN_INT_CONVERSION = YES;
				CLANG_WARN_NON_LITERAL_NULL_CONVERSION = YES;
				CLANG_WARN_OBJC_LITERAL_CONVERSION = YES;
				CLANG_WARN_OBJC_ROOT_CLASS = YES_ERROR;
				CLANG_WARN_RANGE_LOOP_ANALYSIS = YES;
				CLANG_WARN_STRICT_PROTOTYPES = YES;
				CLANG_WARN_SUSPICIOUS_MOVE = YES;
				CLANG_WARN_UNREACHABLE_CODE = YES;
				CLANG_WARN__DUPLICATE_METHOD_MATCH = YES;
				"CODE_SIGN_IDENTITY[sdk=iphoneos*]" = "iPhone Developer";
				COPY_PHASE_STRIP = NO;
				DEBUG_INFORMATION_FORMAT = "dwarf-with-dsym";
				ENABLE_NS_ASSERTIONS = NO;
				ENABLE_STRICT_OBJC_MSGSEND = YES;
				GCC_C_LANGUAGE_STANDARD = gnu99;
				GCC_NO_COMMON_BLOCKS = YES;
				GCC_WARN_64_TO_32_BIT_CONVERSION = YES;
				GCC_WARN_ABOUT_RETURN_TYPE = YES_ERROR;
				GCC_WARN_UNDECLARED_SELECTOR = YES;
				GCC_WARN_UNINITIALIZED_AUTOS = YES_AGGRESSIVE;
				GCC_WARN_UNUSED_FUNCTION = YES;
				GCC_WARN_UNUSED_VARIABLE = YES;
				IPHONEOS_DEPLOYMENT_TARGET = 11.0;
				MTL_ENABLE_DEBUG_INFO = NO;
				SDKROOT = iphoneos;
				SWIFT_OPTIMIZATION_LEVEL = "-Owholemodule";
				VALIDATE_PRODUCT = YES;
			};
			name = Release;
		};
		607FACF01AFB9204008FA782 /* Debug */ = {
			isa = XCBuildConfiguration;
			baseConfigurationReference = B2FD3456C88CA92CB1C2668E /* Pods-StreemNow.debug.xcconfig */;
			buildSettings = {
				ASSETCATALOG_COMPILER_APPICON_NAME = AppIcon;
				CODE_SIGN_ENTITLEMENTS = StreemNow/StreemNow.entitlements;
				CURRENT_PROJECT_VERSION = 1;
				DEVELOPMENT_TEAM = 3QG6M38N8P;
				DRIVERKIT_DEPLOYMENT_TARGET = "";
				INFOPLIST_FILE = StreemNow/Info.plist;
				LD_RUNPATH_SEARCH_PATHS = "$(inherited) @executable_path/Frameworks";
				MACOSX_DEPLOYMENT_TARGET = "";
				MODULE_NAME = ExampleApp;
				PRODUCT_BUNDLE_IDENTIFIER = pro.streem.sdk.example.StreemNow;
				PRODUCT_NAME = "$(TARGET_NAME)";
				SWIFT_SWIFT3_OBJC_INFERENCE = Default;
				SWIFT_VERSION = 4.2;
				TARGETED_DEVICE_FAMILY = "1,2";
				TVOS_DEPLOYMENT_TARGET = "";
				WATCHOS_DEPLOYMENT_TARGET = "";
			};
			name = Debug;
		};
		607FACF11AFB9204008FA782 /* Release */ = {
			isa = XCBuildConfiguration;
			baseConfigurationReference = 65C755C88CAA3E0275485373 /* Pods-StreemNow.release.xcconfig */;
			buildSettings = {
				ASSETCATALOG_COMPILER_APPICON_NAME = AppIcon;
				CODE_SIGN_ENTITLEMENTS = StreemNow/StreemNow.entitlements;
				CURRENT_PROJECT_VERSION = 1;
				DEVELOPMENT_TEAM = 3QG6M38N8P;
				DRIVERKIT_DEPLOYMENT_TARGET = "";
				INFOPLIST_FILE = StreemNow/Info.plist;
				LD_RUNPATH_SEARCH_PATHS = "$(inherited) @executable_path/Frameworks";
				MACOSX_DEPLOYMENT_TARGET = "";
				MODULE_NAME = ExampleApp;
				PRODUCT_BUNDLE_IDENTIFIER = pro.streem.sdk.example.StreemNow;
				PRODUCT_NAME = "$(TARGET_NAME)";
				SWIFT_SWIFT3_OBJC_INFERENCE = Default;
				SWIFT_VERSION = 4.2;
				TARGETED_DEVICE_FAMILY = "1,2";
				TVOS_DEPLOYMENT_TARGET = "";
				WATCHOS_DEPLOYMENT_TARGET = "";
			};
			name = Release;
		};
/* End XCBuildConfiguration section */

/* Begin XCConfigurationList section */
		607FACCB1AFB9204008FA782 /* Build configuration list for PBXProject "StreemNow" */ = {
			isa = XCConfigurationList;
			buildConfigurations = (
				607FACED1AFB9204008FA782 /* Debug */,
				607FACEE1AFB9204008FA782 /* Release */,
			);
			defaultConfigurationIsVisible = 0;
			defaultConfigurationName = Release;
		};
		607FACEF1AFB9204008FA782 /* Build configuration list for PBXNativeTarget "StreemNow" */ = {
			isa = XCConfigurationList;
			buildConfigurations = (
				607FACF01AFB9204008FA782 /* Debug */,
				607FACF11AFB9204008FA782 /* Release */,
			);
			defaultConfigurationIsVisible = 0;
			defaultConfigurationName = Release;
		};
/* End XCConfigurationList section */
	};
	rootObject = 607FACC81AFB9204008FA782 /* Project object */;
}
